
Microsoft Visual Studio Solution File, Format Version 12.00
# Visual Studio Version 17
VisualStudioVersion = 17.13.35931.197
MinimumVisualStudioVersion = 10.0.40219.1
Project("{FAE04EC0-301F-11D3-BF4B-00C04F79EFBC}") = "PruebaTecnica", "PruebaTecnica.csproj", "{0A483413-A42D-4F14-A911-13FD67631F3A}"
EndProject
Project("{FAE04EC0-301F-11D3-BF4B-00C04F79EFBC}") = "TestServicioBancario", "TestServicioBancario\TestServicioBancario.csproj", "{3EE960D7-A93C-4BA2-AE8B-6E136521C6FF}"
EndProject
Global
	GlobalSection(SolutionConfigurationPlatforms) = preSolution
		Debug|Any CPU = Debug|Any CPU
		Debug|x64 = Debug|x64
		Debug|x86 = Debug|x86
		Release|Any CPU = Release|Any CPU
		Release|x64 = Release|x64
		Release|x86 = Release|x86
	EndGlobalSection
	GlobalSection(ProjectConfigurationPlatforms) = postSolution
		{0A483413-A42D-4F14-A911-13FD67631F3A}.Debug|Any CPU.ActiveCfg = Debug|Any CPU
		{0A483413-A42D-4F14-A911-13FD67631F3A}.Debug|Any CPU.Build.0 = Debug|Any CPU
		{0A483413-A42D-4F14-A911-13FD67631F3A}.Debug|x64.ActiveCfg = Debug|Any CPU
		{0A483413-A42D-4F14-A911-13FD67631F3A}.Debug|x64.Build.0 = Debug|Any CPU
		{0A483413-A42D-4F14-A911-13FD67631F3A}.Debug|x86.ActiveCfg = Debug|Any CPU
		{0A483413-A42D-4F14-A911-13FD67631F3A}.Debug|x86.Build.0 = Debug|Any CPU
		{0A483413-A42D-4F14-A911-13FD67631F3A}.Release|Any CPU.ActiveCfg = Release|Any CPU
		{0A483413-A42D-4F14-A911-13FD67631F3A}.Release|Any CPU.Build.0 = Release|Any CPU
		{0A483413-A42D-4F14-A911-13FD67631F3A}.Release|x64.ActiveCfg = Release|Any CPU
		{0A483413-A42D-4F14-A911-13FD67631F3A}.Release|x64.Build.0 = Release|Any CPU
		{0A483413-A42D-4F14-A911-13FD67631F3A}.Release|x86.ActiveCfg = Release|Any CPU
		{0A483413-A42D-4F14-A911-13FD67631F3A}.Release|x86.Build.0 = Release|Any CPU
		{3EE960D7-A93C-4BA2-AE8B-6E136521C6FF}.Debug|Any CPU.ActiveCfg = Debug|Any CPU
		{3EE960D7-A93C-4BA2-AE8B-6E136521C6FF}.Debug|Any CPU.Build.0 = Debug|Any CPU
		{3EE960D7-A93C-4BA2-AE8B-6E136521C6FF}.Debug|x64.ActiveCfg = Debug|Any CPU
		{3EE960D7-A93C-4BA2-AE8B-6E136521C6FF}.Debug|x64.Build.0 = Debug|Any CPU
		{3EE960D7-A93C-4BA2-AE8B-6E136521C6FF}.Debug|x86.ActiveCfg = Debug|Any CPU
		{3EE960D7-A93C-4BA2-AE8B-6E136521C6FF}.Debug|x86.Build.0 = Debug|Any CPU
		{3EE960D7-A93C-4BA2-AE8B-6E136521C6FF}.Release|Any CPU.ActiveCfg = Release|Any CPU
		{3EE960D7-A93C-4BA2-AE8B-6E136521C6FF}.Release|Any CPU.Build.0 = Release|Any CPU
		{3EE960D7-A93C-4BA2-AE8B-6E136521C6FF}.Release|x64.ActiveCfg = Release|Any CPU
		{3EE960D7-A93C-4BA2-AE8B-6E136521C6FF}.Release|x64.Build.0 = Release|Any CPU
		{3EE960D7-A93C-4BA2-AE8B-6E136521C6FF}.Release|x86.ActiveCfg = Release|Any CPU
		{3EE960D7-A93C-4BA2-AE8B-6E136521C6FF}.Release|x86.Build.0 = Release|Any CPU
	EndGlobalSection
	GlobalSection(SolutionProperties) = preSolution
		HideSolutionNode = FALSE
	EndGlobalSection
	GlobalSection(ExtensibilityGlobals) = postSolution
		SolutionGuid = {895940B9-A8E2-463B-A18A-7A803500B0D1}
	EndGlobalSection
EndGlobal
